
Microsoft Visual Studio Solution File, Format Version 12.00
# Visual Studio Version 17
VisualStudioVersion = 17.1.31911.260
MinimumVisualStudioVersion = 10.0.40219.1
Project("{9A19103F-16F7-4668-BE54-9A1E7A4F7556}") = "Tapanga.Generators", "Tapanga.Core.Generators\Tapanga.Generators.csproj", "{3F468D58-3FB7-40D8-8605-2DF6E06CA3D6}"
EndProject
Project("{FAE04EC0-301F-11D3-BF4B-00C04F79EFBC}") = "Tapanga.Generators.CommandLine", "Tapanga.Generators.CommandLine\Tapanga.Generators.CommandLine.csproj", "{D2C54095-441C-467E-94E0-CF59B4746563}"
EndProject
Global
	GlobalSection(SolutionConfigurationPlatforms) = preSolution
		Debug|Any CPU = Debug|Any CPU
		Release|Any CPU = Release|Any CPU
	EndGlobalSection
	GlobalSection(ProjectConfigurationPlatforms) = postSolution
		{3F468D58-3FB7-40D8-8605-2DF6E06CA3D6}.Debug|Any CPU.ActiveCfg = Debug|Any CPU
		{3F468D58-3FB7-40D8-8605-2DF6E06CA3D6}.Debug|Any CPU.Build.0 = Debug|Any CPU
		{3F468D58-3FB7-40D8-8605-2DF6E06CA3D6}.Release|Any CPU.ActiveCfg = Release|Any CPU
		{3F468D58-3FB7-40D8-8605-2DF6E06CA3D6}.Release|Any CPU.Build.0 = Release|Any CPU
		{D2C54095-441C-467E-94E0-CF59B4746563}.Debug|Any CPU.ActiveCfg = Debug|Any CPU
		{D2C54095-441C-467E-94E0-CF59B4746563}.Debug|Any CPU.Build.0 = Debug|Any CPU
		{D2C54095-441C-467E-94E0-CF59B4746563}.Release|Any CPU.ActiveCfg = Release|Any CPU
		{D2C54095-441C-467E-94E0-CF59B4746563}.Release|Any CPU.Build.0 = Release|Any CPU
	EndGlobalSection
	GlobalSection(SolutionProperties) = preSolution
		HideSolutionNode = FALSE
	EndGlobalSection
	GlobalSection(ExtensibilityGlobals) = postSolution
		SolutionGuid = {A545CD91-33BE-4501-B791-8CCDF875FD38}
	EndGlobalSection
EndGlobal
